// !$*UTF8*$!
{
	archiveVersion = 1;
	classes = {
	};
	objectVersion = 55;
	objects = {

/* Begin PBXBuildFile section */
		1834E5FA27D352F3006E656D /* cw3App.swift in Sources */ = {isa = PBXBuildFile; fileRef = 1834E5F927D352F3006E656D /* cw3App.swift */; };
		1834E5FC27D352F3006E656D /* ContentView.swift in Sources */ = {isa = PBXBuildFile; fileRef = 1834E5FB27D352F3006E656D /* ContentView.swift */; };
		1834E5FE27D352F6006E656D /* Assets.xcassets in Resources */ = {isa = PBXBuildFile; fileRef = 1834E5FD27D352F6006E656D /* Assets.xcassets */; };
		1834E60127D352F6006E656D /* Preview Assets.xcassets in Resources */ = {isa = PBXBuildFile; fileRef = 1834E60027D352F6006E656D /* Preview Assets.xcassets */; };
		1834E60B27D352F6006E656D /* cw3Tests.swift in Sources */ = {isa = PBXBuildFile; fileRef = 1834E60A27D352F6006E656D /* cw3Tests.swift */; };
		1834E61527D352F6006E656D /* cw3UITests.swift in Sources */ = {isa = PBXBuildFile; fileRef = 1834E61427D352F6006E656D /* cw3UITests.swift */; };
		1834E61727D352F6006E656D /* cw3UITestsLaunchTests.swift in Sources */ = {isa = PBXBuildFile; fileRef = 1834E61627D352F6006E656D /* cw3UITestsLaunchTests.swift */; };
/* End PBXBuildFile section */

/* Begin PBXContainerItemProxy section */
		1834E60727D352F6006E656D /* PBXContainerItemProxy */ = {
			isa = PBXContainerItemProxy;
			containerPortal = 1834E5EE27D352F3006E656D /* Project object */;
			proxyType = 1;
			remoteGlobalIDString = 1834E5F527D352F3006E656D;
			remoteInfo = cw3;
		};
		1834E61127D352F6006E656D /* PBXContainerItemProxy */ = {
			isa = PBXContainerItemProxy;
			containerPortal = 1834E5EE27D352F3006E656D /* Project object */;
			proxyType = 1;
			remoteGlobalIDString = 1834E5F527D352F3006E656D;
			remoteInfo = cw3;
		};
/* End PBXContainerItemProxy section */

/* Begin PBXFileReference section */
		1834E5F627D352F3006E656D /* cw3.app */ = {isa = PBXFileReference; explicitFileType = wrapper.application; includeInIndex = 0; path = cw3.app; sourceTree = BUILT_PRODUCTS_DIR; };
		1834E5F927D352F3006E656D /* cw3App.swift */ = {isa = PBXFileReference; lastKnownFileType = sourcecode.swift; path = cw3App.swift; sourceTree = "<group>"; };
		1834E5FB27D352F3006E656D /* ContentView.swift */ = {isa = PBXFileReference; lastKnownFileType = sourcecode.swift; path = ContentView.swift; sourceTree = "<group>"; };
		1834E5FD27D352F6006E656D /* Assets.xcassets */ = {isa = PBXFileReference; lastKnownFileType = folder.assetcatalog; path = Assets.xcassets; sourceTree = "<group>"; };
		1834E60027D352F6006E656D /* Preview Assets.xcassets */ = {isa = PBXFileReference; lastKnownFileType = folder.assetcatalog; path = "Preview Assets.xcassets"; sourceTree = "<group>"; };
		1834E60627D352F6006E656D /* cw3Tests.xctest */ = {isa = PBXFileReference; explicitFileType = wrapper.cfbundle; includeInIndex = 0; path = cw3Tests.xctest; sourceTree = BUILT_PRODUCTS_DIR; };
		1834E60A27D352F6006E656D /* cw3Tests.swift */ = {isa = PBXFileReference; lastKnownFileType = sourcecode.swift; path = cw3Tests.swift; sourceTree = "<group>"; };
		1834E61027D352F6006E656D /* cw3UITests.xctest */ = {isa = PBXFileReference; explicitFileType = wrapper.cfbundle; includeInIndex = 0; path = cw3UITests.xctest; sourceTree = BUILT_PRODUCTS_DIR; };
		1834E61427D352F6006E656D /* cw3UITests.swift */ = {isa = PBXFileReference; lastKnownFileType = sourcecode.swift; path = cw3UITests.swift; sourceTree = "<group>"; };
		1834E61627D352F6006E656D /* cw3UITestsLaunchTests.swift */ = {isa = PBXFileReference; lastKnownFileType = sourcecode.swift; path = cw3UITestsLaunchTests.swift; sourceTree = "<group>"; };
/* End PBXFileReference section */

/* Begin PBXFrameworksBuildPhase section */
		1834E5F327D352F3006E656D /* Frameworks */ = {
			isa = PBXFrameworksBuildPhase;
			buildActionMask = 2147483647;
			files = (
			);
			runOnlyForDeploymentPostprocessing = 0;
		};
		1834E60327D352F6006E656D /* Frameworks */ = {
			isa = PBXFrameworksBuildPhase;
			buildActionMask = 2147483647;
			files = (
			);
			runOnlyForDeploymentPostprocessing = 0;
		};
		1834E60D27D352F6006E656D /* Frameworks */ = {
			isa = PBXFrameworksBuildPhase;
			buildActionMask = 2147483647;
			files = (
			);
			runOnlyForDeploymentPostprocessing = 0;
		};
/* End PBXFrameworksBuildPhase section */

/* Begin PBXGroup section */
		1834E5ED27D352F3006E656D = {
			isa = PBXGroup;
			children = (
				1834E5F827D352F3006E656D /* cw3 */,
				1834E60927D352F6006E656D /* cw3Tests */,
				1834E61327D352F6006E656D /* cw3UITests */,
				1834E5F727D352F3006E656D /* Products */,
			);
			sourceTree = "<group>";
		};
		1834E5F727D352F3006E656D /* Products */ = {
			isa = PBXGroup;
			children = (
				1834E5F627D352F3006E656D /* cw3.app */,
				1834E60627D352F6006E656D /* cw3Tests.xctest */,
				1834E61027D352F6006E656D /* cw3UITests.xctest */,
			);
			name = Products;
			sourceTree = "<group>";
		};
		1834E5F827D352F3006E656D /* cw3 */ = {
			isa = PBXGroup;
			children = (
				1834E5F927D352F3006E656D /* cw3App.swift */,
				1834E5FB27D352F3006E656D /* ContentView.swift */,
				1834E5FD27D352F6006E656D /* Assets.xcassets */,
				1834E5FF27D352F6006E656D /* Preview Content */,
			);
			path = cw3;
			sourceTree = "<group>";
		};
		1834E5FF27D352F6006E656D /* Preview Content */ = {
			isa = PBXGroup;
			children = (
				1834E60027D352F6006E656D /* Preview Assets.xcassets */,
			);
			path = "Preview Content";
			sourceTree = "<group>";
		};
		1834E60927D352F6006E656D /* cw3Tests */ = {
			isa = PBXGroup;
			children = (
				1834E60A27D352F6006E656D /* cw3Tests.swift */,
			);
			path = cw3Tests;
			sourceTree = "<group>";
		};
		1834E61327D352F6006E656D /* cw3UITests */ = {
			isa = PBXGroup;
			children = (
				1834E61427D352F6006E656D /* cw3UITests.swift */,
				1834E61627D352F6006E656D /* cw3UITestsLaunchTests.swift */,
			);
			path = cw3UITests;
			sourceTree = "<group>";
		};
/* End PBXGroup section */

/* Begin PBXNativeTarget section */
		1834E5F527D352F3006E656D /* cw3 */ = {
			isa = PBXNativeTarget;
			buildConfigurationList = 1834E61A27D352F6006E656D /* Build configuration list for PBXNativeTarget "cw3" */;
			buildPhases = (
				1834E5F227D352F3006E656D /* Sources */,
				1834E5F327D352F3006E656D /* Frameworks */,
				1834E5F427D352F3006E656D /* Resources */,
			);
			buildRules = (
			);
			dependencies = (
			);
			name = cw3;
			productName = cw3;
			productReference = 1834E5F627D352F3006E656D /* cw3.app */;
			productType = "com.apple.product-type.application";
		};
		1834E60527D352F6006E656D /* cw3Tests */ = {
			isa = PBXNativeTarget;
			buildConfigurationList = 1834E61D27D352F6006E656D /* Build configuration list for PBXNativeTarget "cw3Tests" */;
			buildPhases = (
				1834E60227D352F6006E656D /* Sources */,
				1834E60327D352F6006E656D /* Frameworks */,
				1834E60427D352F6006E656D /* Resources */,
			);
			buildRules = (
			);
			dependencies = (
				1834E60827D352F6006E656D /* PBXTargetDependency */,
			);
			name = cw3Tests;
			productName = cw3Tests;
			productReference = 1834E60627D352F6006E656D /* cw3Tests.xctest */;
			productType = "com.apple.product-type.bundle.unit-test";
		};
		1834E60F27D352F6006E656D /* cw3UITests */ = {
			isa = PBXNativeTarget;
			buildConfigurationList = 1834E62027D352F6006E656D /* Build configuration list for PBXNativeTarget "cw3UITests" */;
			buildPhases = (
				1834E60C27D352F6006E656D /* Sources */,
				1834E60D27D352F6006E656D /* Frameworks */,
				1834E60E27D352F6006E656D /* Resources */,
			);
			buildRules = (
			);
			dependencies = (
				1834E61227D352F6006E656D /* PBXTargetDependency */,
			);
			name = cw3UITests;
			productName = cw3UITests;
			productReference = 1834E61027D352F6006E656D /* cw3UITests.xctest */;
			productType = "com.apple.product-type.bundle.ui-testing";
		};
/* End PBXNativeTarget section */

/* Begin PBXProject section */
		1834E5EE27D352F3006E656D /* Project object */ = {
			isa = PBXProject;
			attributes = {
				BuildIndependentTargetsInParallel = 1;
				LastSwiftUpdateCheck = 1320;
				LastUpgradeCheck = 1320;
				TargetAttributes = {
					1834E5F527D352F3006E656D = {
						CreatedOnToolsVersion = 13.2.1;
					};
					1834E60527D352F6006E656D = {
						CreatedOnToolsVersion = 13.2.1;
						TestTargetID = 1834E5F527D352F3006E656D;
					};
					1834E60F27D352F6006E656D = {
						CreatedOnToolsVersion = 13.2.1;
						TestTargetID = 1834E5F527D352F3006E656D;
					};
				};
			};
			buildConfigurationList = 1834E5F127D352F3006E656D /* Build configuration list for PBXProject "cw3" */;
			compatibilityVersion = "Xcode 13.0";
			developmentRegion = en;
			hasScannedForEncodings = 0;
			knownRegions = (
				en,
				Base,
			);
			mainGroup = 1834E5ED27D352F3006E656D;
			productRefGroup = 1834E5F727D352F3006E656D /* Products */;
			projectDirPath = "";
			projectRoot = "";
			targets = (
				1834E5F527D352F3006E656D /* cw3 */,
				1834E60527D352F6006E656D /* cw3Tests */,
				1834E60F27D352F6006E656D /* cw3UITests */,
			);
		};
/* End PBXProject section */

/* Begin PBXResourcesBuildPhase section */
		1834E5F427D352F3006E656D /* Resources */ = {
			isa = PBXResourcesBuildPhase;
			buildActionMask = 2147483647;
			files = (
				1834E60127D352F6006E656D /* Preview Assets.xcassets in Resources */,
				1834E5FE27D352F6006E656D /* Assets.xcassets in Resources */,
			);
			runOnlyForDeploymentPostprocessing = 0;
		};
		1834E60427D352F6006E656D /* Resources */ = {
			isa = PBXResourcesBuildPhase;
			buildActionMask = 2147483647;
			files = (
			);
			runOnlyForDeploymentPostprocessing = 0;
		};
		1834E60E27D352F6006E656D /* Resources */ = {
			isa = PBXResourcesBuildPhase;
			buildActionMask = 2147483647;
			files = (
			);
			runOnlyForDeploymentPostprocessing = 0;
		};
/* End PBXResourcesBuildPhase section */

/* Begin PBXSourcesBuildPhase section */
		1834E5F227D352F3006E656D /* Sources */ = {
			isa = PBXSourcesBuildPhase;
			buildActionMask = 2147483647;
			files = (
				1834E5FC27D352F3006E656D /* ContentView.swift in Sources */,
				1834E5FA27D352F3006E656D /* cw3App.swift in Sources */,
			);
			runOnlyForDeploymentPostprocessing = 0;
		};
		1834E60227D352F6006E656D /* Sources */ = {
			isa = PBXSourcesBuildPhase;
			buildActionMask = 2147483647;
			files = (
				1834E60B27D352F6006E656D /* cw3Tests.swift in Sources */,
			);
			runOnlyForDeploymentPostprocessing = 0;
		};
		1834E60C27D352F6006E656D /* Sources */ = {
			isa = PBXSourcesBuildPhase;
			buildActionMask = 2147483647;
			files = (
				1834E61727D352F6006E656D /* cw3UITestsLaunchTests.swift in Sources */,
				1834E61527D352F6006E656D /* cw3UITests.swift in Sources */,
			);
			runOnlyForDeploymentPostprocessing = 0;
		};
/* End PBXSourcesBuildPhase section */

/* Begin PBXTargetDependency section */
		1834E60827D352F6006E656D /* PBXTargetDependency */ = {
			isa = PBXTargetDependency;
			target = 1834E5F527D352F3006E656D /* cw3 */;
			targetProxy = 1834E60727D352F6006E656D /* PBXContainerItemProxy */;
		};
		1834E61227D352F6006E656D /* PBXTargetDependency */ = {
			isa = PBXTargetDependency;
			target = 1834E5F527D352F3006E656D /* cw3 */;
			targetProxy = 1834E61127D352F6006E656D /* PBXContainerItemProxy */;
		};
/* End PBXTargetDependency section */

/* Begin XCBuildConfiguration section */
		1834E61827D352F6006E656D /* Debug */ = {
			isa = XCBuildConfiguration;
			buildSettings = {
				ALWAYS_SEARCH_USER_PATHS = NO;
				CLANG_ANALYZER_NONNULL = YES;
				CLANG_ANALYZER_NUMBER_OBJECT_CONVERSION = YES_AGGRESSIVE;
				CLANG_CXX_LANGUAGE_STANDARD = "gnu++17";
				CLANG_CXX_LIBRARY = "libc++";
				CLANG_ENABLE_MODULES = YES;
				CLANG_ENABLE_OBJC_ARC = YES;
				CLANG_ENABLE_OBJC_WEAK = YES;
				CLANG_WARN_BLOCK_CAPTURE_AUTORELEASING = YES;
				CLANG_WARN_BOOL_CONVERSION = YES;
				CLANG_WARN_COMMA = YES;
				CLANG_WARN_CONSTANT_CONVERSION = YES;
				CLANG_WARN_DEPRECATED_OBJC_IMPLEMENTATIONS = YES;
				CLANG_WARN_DIRECT_OBJC_ISA_USAGE = YES_ERROR;
				CLANG_WARN_DOCUMENTATION_COMMENTS = YES;
				CLANG_WARN_EMPTY_BODY = YES;
				CLANG_WARN_ENUM_CONVERSION = YES;
				CLANG_WARN_INFINITE_RECURSION = YES;
				CLANG_WARN_INT_CONVERSION = YES;
				CLANG_WARN_NON_LITERAL_NULL_CONVERSION = YES;
				CLANG_WARN_OBJC_IMPLICIT_RETAIN_SELF = YES;
				CLANG_WARN_OBJC_LITERAL_CONVERSION = YES;
				CLANG_WARN_OBJC_ROOT_CLASS = YES_ERROR;
				CLANG_WARN_QUOTED_INCLUDE_IN_FRAMEWORK_HEADER = YES;
				CLANG_WARN_RANGE_LOOP_ANALYSIS = YES;
				CLANG_WARN_STRICT_PROTOTYPES = YES;
				CLANG_WARN_SUSPICIOUS_MOVE = YES;
				CLANG_WARN_UNGUARDED_AVAILABILITY = YES_AGGRESSIVE;
				CLANG_WARN_UNREACHABLE_CODE = YES;
				CLANG_WARN__DUPLICATE_METHOD_MATCH = YES;
				COPY_PHASE_STRIP = NO;
				DEBUG_INFORMATION_FORMAT = dwarf;
				ENABLE_STRICT_OBJC_MSGSEND = YES;
				ENABLE_TESTABILITY = YES;
				GCC_C_LANGUAGE_STANDARD = gnu11;
				GCC_DYNAMIC_NO_PIC = NO;
				GCC_NO_COMMON_BLOCKS = YES;
				GCC_OPTIMIZATION_LEVEL = 0;
				GCC_PREPROCESSOR_DEFINITIONS = (
					"DEBUG=1",
					"$(inherited)",
				);
				GCC_WARN_64_TO_32_BIT_CONVERSION = YES;
				GCC_WARN_ABOUT_RETURN_TYPE = YES_ERROR;
				GCC_WARN_UNDECLARED_SELECTOR = YES;
				GCC_WARN_UNINITIALIZED_AUTOS = YES_AGGRESSIVE;
				GCC_WARN_UNUSED_FUNCTION = YES;
				GCC_WARN_UNUSED_VARIABLE = YES;
				IPHONEOS_DEPLOYMENT_TARGET = 15.2;
				MTL_ENABLE_DEBUG_INFO = INCLUDE_SOURCE;
				MTL_FAST_MATH = YES;
				ONLY_ACTIVE_ARCH = YES;
				SDKROOT = iphoneos;
				SWIFT_ACTIVE_COMPILATION_CONDITIONS = DEBUG;
				SWIFT_OPTIMIZATION_LEVEL = "-Onone";
			};
			name = Debug;
		};
		1834E61927D352F6006E656D /* Release */ = {
			isa = XCBuildConfiguration;
			buildSettings = {
				ALWAYS_SEARCH_USER_PATHS = NO;
				CLANG_ANALYZER_NONNULL = YES;
				CLANG_ANALYZER_NUMBER_OBJECT_CONVERSION = YES_AGGRESSIVE;
				CLANG_CXX_LANGUAGE_STANDARD = "gnu++17";
				CLANG_CXX_LIBRARY = "libc++";
				CLANG_ENABLE_MODULES = YES;
				CLANG_ENABLE_OBJC_ARC = YES;
				CLANG_ENABLE_OBJC_WEAK = YES;
				CLANG_WARN_BLOCK_CAPTURE_AUTORELEASING = YES;
				CLANG_WARN_BOOL_CONVERSION = YES;
				CLANG_WARN_COMMA = YES;
				CLANG_WARN_CONSTANT_CONVERSION = YES;
				CLANG_WARN_DEPRECATED_OBJC_IMPLEMENTATIONS = YES;
				CLANG_WARN_DIRECT_OBJC_ISA_USAGE = YES_ERROR;
				CLANG_WARN_DOCUMENTATION_COMMENTS = YES;
				CLANG_WARN_EMPTY_BODY = YES;
				CLANG_WARN_ENUM_CONVERSION = YES;
				CLANG_WARN_INFINITE_RECURSION = YES;
				CLANG_WARN_INT_CONVERSION = YES;
				CLANG_WARN_NON_LITERAL_NULL_CONVERSION = YES;
				CLANG_WARN_OBJC_IMPLICIT_RETAIN_SELF = YES;
				CLANG_WARN_OBJC_LITERAL_CONVERSION = YES;
				CLANG_WARN_OBJC_ROOT_CLASS = YES_ERROR;
				CLANG_WARN_QUOTED_INCLUDE_IN_FRAMEWORK_HEADER = YES;
				CLANG_WARN_RANGE_LOOP_ANALYSIS = YES;
				CLANG_WARN_STRICT_PROTOTYPES = YES;
				CLANG_WARN_SUSPICIOUS_MOVE = YES;
				CLANG_WARN_UNGUARDED_AVAILABILITY = YES_AGGRESSIVE;
				CLANG_WARN_UNREACHABLE_CODE = YES;
				CLANG_WARN__DUPLICATE_METHOD_MATCH = YES;
				COPY_PHASE_STRIP = NO;
				DEBUG_INFORMATION_FORMAT = "dwarf-with-dsym";
				ENABLE_NS_ASSERTIONS = NO;
				ENABLE_STRICT_OBJC_MSGSEND = YES;
				GCC_C_LANGUAGE_STANDARD = gnu11;
				GCC_NO_COMMON_BLOCKS = YES;
				GCC_WARN_64_TO_32_BIT_CONVERSION = YES;
				GCC_WARN_ABOUT_RETURN_TYPE = YES_ERROR;
				GCC_WARN_UNDECLARED_SELECTOR = YES;
				GCC_WARN_UNINITIALIZED_AUTOS = YES_AGGRESSIVE;
				GCC_WARN_UNUSED_FUNCTION = YES;
				GCC_WARN_UNUSED_VARIABLE = YES;
				IPHONEOS_DEPLOYMENT_TARGET = 15.2;
				MTL_ENABLE_DEBUG_INFO = NO;
				MTL_FAST_MATH = YES;
				SDKROOT = iphoneos;
				SWIFT_COMPILATION_MODE = wholemodule;
				SWIFT_OPTIMIZATION_LEVEL = "-O";
				VALIDATE_PRODUCT = YES;
			};
			name = Release;
		};
		1834E61B27D352F6006E656D /* Debug */ = {
			isa = XCBuildConfiguration;
			buildSettings = {
				ASSETCATALOG_COMPILER_APPICON_NAME = AppIcon;
				ASSETCATALOG_COMPILER_GLOBAL_ACCENT_COLOR_NAME = AccentColor;
				CODE_SIGN_STYLE = Automatic;
				CURRENT_PROJECT_VERSION = 1;
				DEVELOPMENT_ASSET_PATHS = "\"cw3/Preview Content\"";
				ENABLE_PREVIEWS = YES;
				GENERATE_INFOPLIST_FILE = YES;
				INFOPLIST_KEY_UIApplicationSceneManifest_Generation = YES;
				INFOPLIST_KEY_UIApplicationSupportsIndirectInputEvents = YES;
				INFOPLIST_KEY_UILaunchScreen_Generation = YES;
				INFOPLIST_KEY_UISupportedInterfaceOrientations_iPad = "UIInterfaceOrientationPortrait UIInterfaceOrientationPortraitUpsideDown UIInterfaceOrientationLandscapeLeft UIInterfaceOrientationLandscapeRight";
				INFOPLIST_KEY_UISupportedInterfaceOrientations_iPhone = "UIInterfaceOrientationPortrait UIInterfaceOrientationLandscapeLeft UIInterfaceOrientationLandscapeRight";
				LD_RUNPATH_SEARCH_PATHS = (
					"$(inherited)",
					"@executable_path/Frameworks",
				);
				MARKETING_VERSION = 1.0;
				PRODUCT_BUNDLE_IDENTIFIER = MFB.cw3;
				PRODUCT_NAME = "$(TARGET_NAME)";
				SWIFT_EMIT_LOC_STRINGS = YES;
				SWIFT_VERSION = 5.0;
				TARGETED_DEVICE_FAMILY = "1,2";
			};
			name = Debug;
		};
		1834E61C27D352F6006E656D /* Release */ = {
			isa = XCBuildConfiguration;
			buildSettings = {
				ASSETCATALOG_COMPILER_APPICON_NAME = AppIcon;
				ASSETCATALOG_COMPILER_GLOBAL_ACCENT_COLOR_NAME = AccentColor;
				CODE_SIGN_STYLE = Automatic;
				CURRENT_PROJECT_VERSION = 1;
				DEVELOPMENT_ASSET_PATHS = "\"cw3/Preview Content\"";
				ENABLE_PREVIEWS = YES;
				GENERATE_INFOPLIST_FILE = YES;
				INFOPLIST_KEY_UIApplicationSceneManifest_Generation = YES;
				INFOPLIST_KEY_UIApplicationSupportsIndirectInputEvents = YES;
				INFOPLIST_KEY_UILaunchScreen_Generation = YES;
				INFOPLIST_KEY_UISupportedInterfaceOrientations_iPad = "UIInterfaceOrientationPortrait UIInterfaceOrientationPortraitUpsideDown UIInterfaceOrientationLandscapeLeft UIInterfaceOrientationLandscapeRight";
				INFOPLIST_KEY_UISupportedInterfaceOrientations_iPhone = "UIInterfaceOrientationPortrait UIInterfaceOrientationLandscapeLeft UIInterfaceOrientationLandscapeRight";
				LD_RUNPATH_SEARCH_PATHS = (
					"$(inherited)",
					"@executable_path/Frameworks",
				);
				MARKETING_VERSION = 1.0;
				PRODUCT_BUNDLE_IDENTIFIER = MFB.cw3;
				PRODUCT_NAME = "$(TARGET_NAME)";
				SWIFT_EMIT_LOC_STRINGS = YES;
				SWIFT_VERSION = 5.0;
				TARGETED_DEVICE_FAMILY = "1,2";
			};
			name = Release;
		};
		1834E61E27D352F6006E656D /* Debug */ = {
			isa = XCBuildConfiguration;
			buildSettings = {
				ALWAYS_EMBED_SWIFT_STANDARD_LIBRARIES = YES;
				BUNDLE_LOADER = "$(TEST_HOST)";
				CODE_SIGN_STYLE = Automatic;
				CURRENT_PROJECT_VERSION = 1;
				GENERATE_INFOPLIST_FILE = YES;
				IPHONEOS_DEPLOYMENT_TARGET = 15.2;
				MARKETING_VERSION = 1.0;
				PRODUCT_BUNDLE_IDENTIFIER = MFB.cw3Tests;
				PRODUCT_NAME = "$(TARGET_NAME)";
				SWIFT_EMIT_LOC_STRINGS = NO;
				SWIFT_VERSION = 5.0;
				TARGETED_DEVICE_FAMILY = "1,2";
				TEST_HOST = "$(BUILT_PRODUCTS_DIR)/cw3.app/cw3";
			};
			name = Debug;
		};
		1834E61F27D352F6006E656D /* Release */ = {
			isa = XCBuildConfiguration;
			buildSettings = {
				ALWAYS_EMBED_SWIFT_STANDARD_LIBRARIES = YES;
				BUNDLE_LOADER = "$(TEST_HOST)";
				CODE_SIGN_STYLE = Automatic;
				CURRENT_PROJECT_VERSION = 1;
				GENERATE_INFOPLIST_FILE = YES;
				IPHONEOS_DEPLOYMENT_TARGET = 15.2;
				MARKETING_VERSION = 1.0;
				PRODUCT_BUNDLE_IDENTIFIER = MFB.cw3Tests;
				PRODUCT_NAME = "$(TARGET_NAME)";
				SWIFT_EMIT_LOC_STRINGS = NO;
				SWIFT_VERSION = 5.0;
				TARGETED_DEVICE_FAMILY = "1,2";
				TEST_HOST = "$(BUILT_PRODUCTS_DIR)/cw3.app/cw3";
			};
			name = Release;
		};
		1834E62127D352F6006E656D /* Debug */ = {
			isa = XCBuildConfiguration;
			buildSettings = {
				ALWAYS_EMBED_SWIFT_STANDARD_LIBRARIES = YES;
				CODE_SIGN_STYLE = Automatic;
				CURRENT_PROJECT_VERSION = 1;
				GENERATE_INFOPLIST_FILE = YES;
				MARKETING_VERSION = 1.0;
				PRODUCT_BUNDLE_IDENTIFIER = MFB.cw3UITests;
				PRODUCT_NAME = "$(TARGET_NAME)";
				SWIFT_EMIT_LOC_STRINGS = NO;
				SWIFT_VERSION = 5.0;
				TARGETED_DEVICE_FAMILY = "1,2";
				TEST_TARGET_NAME = cw3;
			};
			name = Debug;
		};
		1834E62227D352F6006E656D /* Release */ = {
			isa = XCBuildConfiguration;
			buildSettings = {
				ALWAYS_EMBED_SWIFT_STANDARD_LIBRARIES = YES;
				CODE_SIGN_STYLE = Automatic;
				CURRENT_PROJECT_VERSION = 1;
				GENERATE_INFOPLIST_FILE = YES;
				MARKETING_VERSION = 1.0;
				PRODUCT_BUNDLE_IDENTIFIER = MFB.cw3UITests;
				PRODUCT_NAME = "$(TARGET_NAME)";
				SWIFT_EMIT_LOC_STRINGS = NO;
				SWIFT_VERSION = 5.0;
				TARGETED_DEVICE_FAMILY = "1,2";
				TEST_TARGET_NAME = cw3;
			};
			name = Release;
		};
/* End XCBuildConfiguration section */

/* Begin XCConfigurationList section */
		1834E5F127D352F3006E656D /* Build configuration list for PBXProject "cw3" */ = {
			isa = XCConfigurationList;
			buildConfigurations = (
				1834E61827D352F6006E656D /* Debug */,
				1834E61927D352F6006E656D /* Release */,
			);
			defaultConfigurationIsVisible = 0;
			defaultConfigurationName = Release;
		};
		1834E61A27D352F6006E656D /* Build configuration list for PBXNativeTarget "cw3" */ = {
			isa = XCConfigurationList;
			buildConfigurations = (
				1834E61B27D352F6006E656D /* Debug */,
				1834E61C27D352F6006E656D /* Release */,
			);
			defaultConfigurationIsVisible = 0;
			defaultConfigurationName = Release;
		};
		1834E61D27D352F6006E656D /* Build configuration list for PBXNativeTarget "cw3Tests" */ = {
			isa = XCConfigurationList;
			buildConfigurations = (
				1834E61E27D352F6006E656D /* Debug */,
				1834E61F27D352F6006E656D /* Release */,
			);
			defaultConfigurationIsVisible = 0;
			defaultConfigurationName = Release;
		};
		1834E62027D352F6006E656D /* Build configuration list for PBXNativeTarget "cw3UITests" */ = {
			isa = XCConfigurationList;
			buildConfigurations = (
				1834E62127D352F6006E656D /* Debug */,
				1834E62227D352F6006E656D /* Release */,
			);
			defaultConfigurationIsVisible = 0;
			defaultConfigurationName = Release;
		};
/* End XCConfigurationList section */
	};
	rootObject = 1834E5EE27D352F3006E656D /* Project object */;
}
